
Microsoft Visual Studio Solution File, Format Version 12.00
# Visual Studio Version 16
VisualStudioVersion = 16.0.30804.86
MinimumVisualStudioVersion = 10.0.40219.1
Project("{FAE04EC0-301F-11D3-BF4B-00C04F79EFBC}") = "SimpleConcurrency", "SimpleConcurrency\SimpleConcurrency.csproj", "{97FFE82F-22E2-4C54-9834-2BE7A703D50A}"
EndProject
Project("{FAE04EC0-301F-11D3-BF4B-00C04F79EFBC}") = "DatabaseDBUP", "DatabaseDBUP\DatabaseDBUP.csproj", "{A16102C9-7D06-412A-9A45-9A5E4B5FAF17}"
EndProject
Global
	GlobalSection(SolutionConfigurationPlatforms) = preSolution
		Debug|Any CPU = Debug|Any CPU
		Release|Any CPU = Release|Any CPU
	EndGlobalSection
	GlobalSection(ProjectConfigurationPlatforms) = postSolution
		{97FFE82F-22E2-4C54-9834-2BE7A703D50A}.Debug|Any CPU.ActiveCfg = Debug|Any CPU
		{97FFE82F-22E2-4C54-9834-2BE7A703D50A}.Debug|Any CPU.Build.0 = Debug|Any CPU
		{97FFE82F-22E2-4C54-9834-2BE7A703D50A}.Release|Any CPU.ActiveCfg = Release|Any CPU
		{97FFE82F-22E2-4C54-9834-2BE7A703D50A}.Release|Any CPU.Build.0 = Release|Any CPU
		{A16102C9-7D06-412A-9A45-9A5E4B5FAF17}.Debug|Any CPU.ActiveCfg = Debug|Any CPU
		{A16102C9-7D06-412A-9A45-9A5E4B5FAF17}.Debug|Any CPU.Build.0 = Debug|Any CPU
		{A16102C9-7D06-412A-9A45-9A5E4B5FAF17}.Release|Any CPU.ActiveCfg = Release|Any CPU
		{A16102C9-7D06-412A-9A45-9A5E4B5FAF17}.Release|Any CPU.Build.0 = Release|Any CPU
	EndGlobalSection
	GlobalSection(SolutionProperties) = preSolution
		HideSolutionNode = FALSE
	EndGlobalSection
	GlobalSection(ExtensibilityGlobals) = postSolution
		SolutionGuid = {F3FF5CCA-F3B3-433F-9320-17AA817D86C5}
	EndGlobalSection
EndGlobal
